<?xml version="1.0" encoding="UTF-8" standalone="yes" ?>
<CodeBlocks_project_file>
	<FileVersion major="1" minor="6" />
	<Project>
		<Option title="WX_OCC_1" />
		<Option pch_mode="2" />
		<Option compiler="gcc" />
		<Option virtualFolders="include/" />
		<Build>
			<Target title="Debug">
				<Option output="bin/Debug/WX_OCC_1" prefix_auto="1" extension_auto="1" />
				<Option object_output="obj/Debug/" />
				<Option type="1" />
				<Option compiler="gcc" />
				<Compiler>
					<Add option="-g" />
					<Add directory="C:/BIN/MSYS/mingw64/bin" />
					<Add directory="C:/BIN/MSYS/mingw64/include/wx-3.0" />
					<Add directory="C:/BIN/MSYS/mingw64/lib/wx/include/msw-unicode-static-3.0" />
					<Add directory="include" />
					<Add directory="images" />
					<Add directory="C:/BIN/MSYS/mingw64/include/opencascade" />
					<Add directory="C:/BIN/MSYS/mingw64/lib" />
				</Compiler>
				<Linker>
					<Add library="libwx_mswu_richtext-3.0.a" />
					<Add library="libwx_baseu_xml-3.0.a" />
					<Add library="libwx_mswu_adv-3.0.a" />
					<Add library="libwx_mswu_html-3.0.a" />
					<Add library="libwx_mswu_core-3.0.a" />
					<Add library="libwx_baseu-3.0.a" />
					<Add library="libwxpng-3.0.a" />
					<Add library="libwxjpeg-3.0.a" />
					<Add library="libwxtiff-3.0.a" />
					<Add library="libwxzlib-3.0.a" />
					<Add library="C:/BIN/MSYS/mingw64/lib/libTKernel.dll.a" />
					<Add library="C:/BIN/MSYS/mingw64/lib/libTKGeomBase.dll.a" />
					<Add library="C:/BIN/MSYS/mingw64/lib/libTKMath.dll.a" />
					<Add library="C:/BIN/MSYS/mingw64/lib/libTKBin.dll.a" />
					<Add library="C:/BIN/MSYS/mingw64/lib/libTKBinL.dll.a" />
					<Add library="C:/BIN/MSYS/mingw64/lib/libTKBRep.dll.a" />
					<Add library="C:/BIN/MSYS/mingw64/lib/libTKBinTObj.dll.a" />
					<Add library="C:/BIN/MSYS/mingw64/lib/libTKBinXCAF.dll.a" />
					<Add library="C:/BIN/MSYS/mingw64/lib/libTKBO.dll.a" />
					<Add library="C:/BIN/MSYS/mingw64/lib/libTKBool.dll.a" />
					<Add library="C:/BIN/MSYS/mingw64/lib/libTKCAF.dll.a" />
					<Add library="C:/BIN/MSYS/mingw64/lib/libTKCDF.dll.a" />
					<Add library="C:/BIN/MSYS/mingw64/lib/libTKD3DHost.dll.a" />
					<Add library="C:/BIN/MSYS/mingw64/lib/libTKD3DHostTest.dll.a" />
					<Add library="C:/BIN/MSYS/mingw64/lib/libTKDCAF.dll.a" />
					<Add library="C:/BIN/MSYS/mingw64/lib/libTKDraw.dll.a" />
					<Add library="C:/BIN/MSYS/mingw64/lib/libTKExpress.dll.a" />
					<Add library="C:/BIN/MSYS/mingw64/lib/libTKFeat.dll.a" />
					<Add library="C:/BIN/MSYS/mingw64/lib/libTKFillet.dll.a" />
					<Add library="C:/BIN/MSYS/mingw64/lib/libTKG2d.dll.a" />
					<Add library="C:/BIN/MSYS/mingw64/lib/libTKG3d.dll.a" />
					<Add library="C:/BIN/MSYS/mingw64/lib/libTKGeomAlgo.dll.a" />
					<Add library="C:/BIN/MSYS/mingw64/lib/libTKHLR.dll.a" />
					<Add library="C:/BIN/MSYS/mingw64/lib/libTKIGES.dll.a" />
					<Add library="C:/BIN/MSYS/mingw64/lib/libTKIVtk.dll.a" />
					<Add library="C:/BIN/MSYS/mingw64/lib/libTKIVtkDraw.dll.a" />
					<Add library="C:/BIN/MSYS/mingw64/lib/libTKLCAF.dll.a" />
					<Add library="C:/BIN/MSYS/mingw64/lib/libTKMesh.dll.a" />
					<Add library="C:/BIN/MSYS/mingw64/lib/libTKOffset.dll.a" />
					<Add library="C:/BIN/MSYS/mingw64/lib/libTKOpenGl.dll.a" />
					<Add library="C:/BIN/MSYS/mingw64/lib/libTKPrim.dll.a" />
					<Add library="C:/BIN/MSYS/mingw64/lib/libTKQADraw.dll.a" />
					<Add library="C:/BIN/MSYS/mingw64/lib/libTKRWMesh.dll.a" />
					<Add library="C:/BIN/MSYS/mingw64/lib/libTKService.dll.a" />
					<Add library="C:/BIN/MSYS/mingw64/lib/libTKShHealing.dll.a" />
					<Add library="C:/BIN/MSYS/mingw64/lib/libTKStd.dll.a" />
					<Add library="C:/BIN/MSYS/mingw64/lib/libTKStdL.dll.a" />
					<Add library="C:/BIN/MSYS/mingw64/lib/libTKSTEP.dll.a" />
					<Add library="C:/BIN/MSYS/mingw64/lib/libTKSTEP209.dll.a" />
					<Add library="C:/BIN/MSYS/mingw64/lib/libTKSTEPAttr.dll.a" />
					<Add library="C:/BIN/MSYS/mingw64/lib/libTKSTEPBase.dll.a" />
					<Add library="C:/BIN/MSYS/mingw64/lib/libTKSTL.dll.a" />
					<Add library="C:/BIN/MSYS/mingw64/lib/libTKTObj.dll.a" />
					<Add library="C:/BIN/MSYS/mingw64/lib/libTKTObjDRAW.dll.a" />
					<Add library="C:/BIN/MSYS/mingw64/lib/libTKTopAlgo.dll.a" />
					<Add library="C:/BIN/MSYS/mingw64/lib/libTKTopTest.dll.a" />
					<Add library="C:/BIN/MSYS/mingw64/lib/libTKV3d.dll.a" />
					<Add library="C:/BIN/MSYS/mingw64/lib/libTKVCAF.dll.a" />
					<Add library="C:/BIN/MSYS/mingw64/lib/libTKViewerTest.dll.a" />
					<Add library="C:/BIN/MSYS/mingw64/lib/libTKVRML.dll.a" />
					<Add library="C:/BIN/MSYS/mingw64/lib/libTKXCAF.dll.a" />
					<Add directory="C:/BIN/MSYS/mingw64/lib" />
					<Add directory="C:/BIN/MSYS/mingw64/bin" />
				</Linker>
			</Target>
			<Target title="Release">
				<Option output="bin/Release/WX_OCC_1" prefix_auto="1" extension_auto="1" />
				<Option object_output="obj/Release/" />
				<Option type="1" />
				<Option compiler="gcc" />
				<Compiler>
					<Add option="-O2" />
					<Add directory="include" />
				</Compiler>
				<Linker>
					<Add option="-s" />
				</Linker>
			</Target>
		</Build>
		<Compiler>
			<Add option="-Wall" />
			<Add directory="icons" />
		</Compiler>
		<Linker>
			<Add library="libkernel32.a" />
			<Add library="libuser32.a" />
			<Add library="libgdi32.a" />
			<Add library="libwinspool.a" />
			<Add library="libcomdlg32.a" />
			<Add library="libadvapi32.a" />
			<Add library="libshell32.a" />
			<Add library="libole32.a" />
			<Add library="liboleaut32.a" />
			<Add library="libuuid.a" />
			<Add library="libcomctl32.a" />
			<Add library="libwsock32.a" />
			<Add library="libodbc32.a" />
			<Add library="libshlwapi.a" />
			<Add library="libversion.a" />
			<Add library="liboleacc.a" />
			<Add library="libuxtheme.a" />
			<Add directory="C:/BIN/MSYS/mingw64/lib" />
		</Linker>
		<Unit filename="MGeom_ParaboloidDialog.h">
			<Option virtualFolder="include/" />
		</Unit>
		<Unit filename="include/application.h" />
		<Unit filename="include/dialogupdateevent.h" />
		<Unit filename="include/geometrymodule.h" />
		<Unit filename="include/geometrymodulewindow.h" />
		<Unit filename="include/geometrytreewindow.h" />
		<Unit filename="include/geometrywindow.h" />
		<Unit filename="include/mainwindow.h" />
		<Unit filename="include/mais_interactiveobject.h" />
		<Unit filename="include/mais_shape.h" />
		<Unit filename="include/messenger.h" />
		<Unit filename="include/mevent.h" />
		<Unit filename="include/mgeom.h" />
		<Unit filename="include/mgeom_paraboladialog.h" />
		<Unit filename="include/mgeom_paraboloid.h" />
		<Unit filename="include/mparser.h" />
		<Unit filename="include/visualsettings.h" />
		<Unit filename="include/windoweventmanager.h" />
		<Unit filename="include/wxinteractions2occ.h" />
		<Unit filename="src/application.cpp" />
		<Unit filename="src/dialogupdateevent.cpp" />
		<Unit filename="src/geometrymodule.cpp" />
		<Unit filename="src/geometrymodulewindow.cpp" />
		<Unit filename="src/geometrytreewindow.cpp" />
		<Unit filename="src/geometrywindow.cpp" />
		<Unit filename="src/mainwindow.cpp" />
		<Unit filename="src/mais_interactiveobject.cpp" />
		<Unit filename="src/mais_shape.cpp" />
		<Unit filename="src/mevent.cpp" />
		<Unit filename="src/mgeom.cpp" />
		<Unit filename="src/mgeom_paraboladialog.cpp" />
		<Unit filename="src/mgeom_paraboloid.cpp" />
		<Unit filename="src/mparser.cpp" />
		<Unit filename="src/visualsettings.cpp" />
		<Unit filename="src/windoweventmanager.cpp" />
		<Unit filename="wxsmith/MGeom_ParabolaDialog.wxs" />
		<Extensions>
			<lib_finder disable_auto="1" />
			<wxsmith version="1">
				<gui name="wxWidgets" src="src\application.cpp" main="-- None --" init_handlers="necessary" language="CPP" />
				<resources>
					<wxDialog wxs="wxsmith/MGeom_ParaboloidDialog.wxs" src="MGeom_ParaboloidDialog.cpp" hdr="MGeom_ParaboloidDialog.h" fwddecl="0" i18n="1" name="MGeom_ParaboloidDialog" language="CPP" />
					<wxDialog wxs="wxsmith/NewDialog.wxs" src="NewDialog.cpp" hdr="NewDialog.h" fwddecl="0" i18n="1" name="NewDialog" language="CPP" />
					<wxFrame wxs="wxsmith/MGeom_ParabolaDialog.wxs" src="mgeom_paraboladialog.cpp" hdr="mgeom_paraboladialog.h" fwddecl="0" i18n="1" name="MGeom_ParabolaDialog" language="CPP" />
				</resources>
			</wxsmith>
		</Extensions>
	</Project>
</CodeBlocks_project_file>
